
Microsoft Visual Studio Solution File, Format Version 12.00
# Visual Studio Version 17
VisualStudioVersion = 17.0.32112.339
MinimumVisualStudioVersion = 10.0.40219.1
Project("{9A19103F-16F7-4668-BE54-9A1E7A4F7556}") = "TodoList.WPF", "TimeManagerWPF\TodoList.WPF.csproj", "{51376637-631B-4062-9698-8BA196F26AAF}"
EndProject
Project("{FAE04EC0-301F-11D3-BF4B-00C04F79EFBC}") = "TodoListApp.Core", "TodoListApp.Core\TodoListApp.Core.csproj", "{49380AC5-DCD2-4DC8-AF02-C37437D8DE97}"
EndProject
Project("{FAE04EC0-301F-11D3-BF4B-00C04F79EFBC}") = "TodoListApp.DataAccess", "TodoListApp.DataAccess\TodoListApp.DataAccess.csproj", "{94D5CEB9-9E15-4B02-9145-97C17F326AD1}"
EndProject
Project("{9A19103F-16F7-4668-BE54-9A1E7A4F7556}") = "TodoList.Avalonia", "TodoList.Avalonia\TodoList.Avalonia.csproj", "{07C4BCF7-6F68-4967-84B6-B8E358082321}"
EndProject
Project("{9A19103F-16F7-4668-BE54-9A1E7A4F7556}") = "TodoList.Avalonia.Desktop", "TodoList.Avalonia.Desktop\TodoList.Avalonia.Desktop.csproj", "{D9ED030D-9B5D-4F93-9321-7A14E5A3996B}"
EndProject
Project("{FAE04EC0-301F-11D3-BF4B-00C04F79EFBC}") = "TodoListWebApp", "TodoListWebApp\TodoListWebApp.csproj", "{C0F41763-A7B6-49E1-8152-52A6387C855B}"
EndProject
Global
	GlobalSection(SolutionConfigurationPlatforms) = preSolution
		Debug|Any CPU = Debug|Any CPU
		Release|Any CPU = Release|Any CPU
	EndGlobalSection
	GlobalSection(ProjectConfigurationPlatforms) = postSolution
		{51376637-631B-4062-9698-8BA196F26AAF}.Debug|Any CPU.ActiveCfg = Debug|Any CPU
		{51376637-631B-4062-9698-8BA196F26AAF}.Debug|Any CPU.Build.0 = Debug|Any CPU
		{51376637-631B-4062-9698-8BA196F26AAF}.Release|Any CPU.ActiveCfg = Release|Any CPU
		{51376637-631B-4062-9698-8BA196F26AAF}.Release|Any CPU.Build.0 = Release|Any CPU
		{49380AC5-DCD2-4DC8-AF02-C37437D8DE97}.Debug|Any CPU.ActiveCfg = Debug|Any CPU
		{49380AC5-DCD2-4DC8-AF02-C37437D8DE97}.Debug|Any CPU.Build.0 = Debug|Any CPU
		{49380AC5-DCD2-4DC8-AF02-C37437D8DE97}.Release|Any CPU.ActiveCfg = Release|Any CPU
		{49380AC5-DCD2-4DC8-AF02-C37437D8DE97}.Release|Any CPU.Build.0 = Release|Any CPU
		{94D5CEB9-9E15-4B02-9145-97C17F326AD1}.Debug|Any CPU.ActiveCfg = Debug|Any CPU
		{94D5CEB9-9E15-4B02-9145-97C17F326AD1}.Debug|Any CPU.Build.0 = Debug|Any CPU
		{94D5CEB9-9E15-4B02-9145-97C17F326AD1}.Release|Any CPU.ActiveCfg = Release|Any CPU
		{94D5CEB9-9E15-4B02-9145-97C17F326AD1}.Release|Any CPU.Build.0 = Release|Any CPU
		{07C4BCF7-6F68-4967-84B6-B8E358082321}.Debug|Any CPU.ActiveCfg = Debug|Any CPU
		{07C4BCF7-6F68-4967-84B6-B8E358082321}.Debug|Any CPU.Build.0 = Debug|Any CPU
		{07C4BCF7-6F68-4967-84B6-B8E358082321}.Release|Any CPU.ActiveCfg = Release|Any CPU
		{07C4BCF7-6F68-4967-84B6-B8E358082321}.Release|Any CPU.Build.0 = Release|Any CPU
		{D9ED030D-9B5D-4F93-9321-7A14E5A3996B}.Debug|Any CPU.ActiveCfg = Debug|Any CPU
		{D9ED030D-9B5D-4F93-9321-7A14E5A3996B}.Debug|Any CPU.Build.0 = Debug|Any CPU
		{D9ED030D-9B5D-4F93-9321-7A14E5A3996B}.Release|Any CPU.ActiveCfg = Release|Any CPU
		{D9ED030D-9B5D-4F93-9321-7A14E5A3996B}.Release|Any CPU.Build.0 = Release|Any CPU
		{C0F41763-A7B6-49E1-8152-52A6387C855B}.Debug|Any CPU.ActiveCfg = Debug|Any CPU
		{C0F41763-A7B6-49E1-8152-52A6387C855B}.Debug|Any CPU.Build.0 = Debug|Any CPU
		{C0F41763-A7B6-49E1-8152-52A6387C855B}.Release|Any CPU.ActiveCfg = Release|Any CPU
		{C0F41763-A7B6-49E1-8152-52A6387C855B}.Release|Any CPU.Build.0 = Release|Any CPU
	EndGlobalSection
	GlobalSection(SolutionProperties) = preSolution
		HideSolutionNode = FALSE
	EndGlobalSection
	GlobalSection(ExtensibilityGlobals) = postSolution
		SolutionGuid = {B6C8FB77-6AA7-4CC7-B935-8EFC621208EC}
	EndGlobalSection
EndGlobal
