<Solution>
  <Folder Name="/Solution Items/">
    <File Path=".editorconfig" />
  </Folder>
  <Project Path="TodoListApp.API/TodoListApp.API.csproj" Id="ae38044d-341f-456f-a510-48979969c066" />
  <Project Path="TodoListApp.ApiClient/TodoListApp.ApiClient.csproj" Id="d932ca83-8dd1-49f1-8324-aad3c6d3bb5e" />
  <Project Path="TodoListApp.Core/TodoListApp.Core.csproj" />
  <Project Path="TodoListApp.Desktop/TodoListApp.Desktop.csproj" />
  <Project Path="TodoListApp.WebUI/TodoListApp.WebUI.csproj" Id="7f216f53-2eae-4547-ae12-ae0a501ea011" />
</Solution>
